
Microsoft Visual Studio Solution File, Format Version 12.00
# Visual Studio Version 17
VisualStudioVersion = 17.3.32901.215
MinimumVisualStudioVersion = 10.0.40219.1
Project("{FAE04EC0-301F-11D3-BF4B-00C04F79EFBC}") = "ShowReportsInGameExiled", "ShowReportsInGameExiled\ShowReportsInGameExiled.csproj", "{A72AFBCB-7858-433A-BF85-8CC73C572612}"
EndProject
Project("{FAE04EC0-301F-11D3-BF4B-00C04F79EFBC}") = "ShowReportsInGameNwAPI", "ShowReportsInGameNwAPI\ShowReportsInGameNwAPI.csproj", "{BF1BB9DF-94C8-4CEB-A1C5-D431CC094167}"
EndProject
Project("{FAE04EC0-301F-11D3-BF4B-00C04F79EFBC}") = "ShowReportsInGameLabAPI", "ShowReportsInGameLabAPI\ShowReportsInGameLabAPI.csproj", "{21510900-A974-4EBF-B9AB-8DD1ADD84B2D}"
EndProject
Global
	GlobalSection(SolutionConfigurationPlatforms) = preSolution
		Debug|Any CPU = Debug|Any CPU
		Release|Any CPU = Release|Any CPU
	EndGlobalSection
	GlobalSection(ProjectConfigurationPlatforms) = postSolution
		{A72AFBCB-7858-433A-BF85-8CC73C572612}.Debug|Any CPU.ActiveCfg = Debug|Any CPU
		{A72AFBCB-7858-433A-BF85-8CC73C572612}.Debug|Any CPU.Build.0 = Debug|Any CPU
		{A72AFBCB-7858-433A-BF85-8CC73C572612}.Release|Any CPU.ActiveCfg = Release|Any CPU
		{A72AFBCB-7858-433A-BF85-8CC73C572612}.Release|Any CPU.Build.0 = Release|Any CPU
		{BF1BB9DF-94C8-4CEB-A1C5-D431CC094167}.Debug|Any CPU.ActiveCfg = Debug|Any CPU
		{BF1BB9DF-94C8-4CEB-A1C5-D431CC094167}.Debug|Any CPU.Build.0 = Debug|Any CPU
		{BF1BB9DF-94C8-4CEB-A1C5-D431CC094167}.Release|Any CPU.ActiveCfg = Release|Any CPU
		{BF1BB9DF-94C8-4CEB-A1C5-D431CC094167}.Release|Any CPU.Build.0 = Release|Any CPU
		{21510900-A974-4EBF-B9AB-8DD1ADD84B2D}.Debug|Any CPU.ActiveCfg = Debug|Any CPU
		{21510900-A974-4EBF-B9AB-8DD1ADD84B2D}.Debug|Any CPU.Build.0 = Debug|Any CPU
		{21510900-A974-4EBF-B9AB-8DD1ADD84B2D}.Release|Any CPU.ActiveCfg = Release|Any CPU
		{21510900-A974-4EBF-B9AB-8DD1ADD84B2D}.Release|Any CPU.Build.0 = Release|Any CPU
	EndGlobalSection
	GlobalSection(SolutionProperties) = preSolution
		HideSolutionNode = FALSE
	EndGlobalSection
	GlobalSection(ExtensibilityGlobals) = postSolution
		SolutionGuid = {ED867C5B-B54D-4C06-9069-4FB1FFBCD2BB}
	EndGlobalSection
EndGlobal
